{
  "name": "malicious-fixture-with-lock",
  "lockfileVersion": 2,
  "requires": true,
  "packages": {
    "": {
      "dependencies": {
        "sdge-it-tdg-dynamicloadprofiles": "1.0.1"
      }
    },
    "node_modules/sdge-it-tdg-dynamicloadprofiles": {
      "version": "1.0.1",
      "resolved": "https://registry.npmjs.org/sdge-it-tdg-dynamicloadprofiles/-/sdge-it-tdg-dynamicloadprofiles-1.0.1.tgz",
      "integrity": "sha512-abc"
    }
  },
  "dependencies": {
    "sdge-it-tdg-dynamicloadprofiles": {
      "version": "1.0.1"
    }
  }
}
